{
  "nodes": {
    "nixpkgs": {
      "locked": {
        "lastModified": 1708407325,
        "narHash": "sha256-P93MEydbhBe97i+8JKZUgfxZRr7/LoMiHvfb8VLFZ4k=",
        "owner": "adisbladis",
        "repo": "nixpkgs",
        "rev": "f73c22fb5094f9829695469130b2c04059c7a425",
        "type": "github"
      },
      "original": {
        "owner": "adisbladis",
        "ref": "fetchnpmlock",
        "repo": "nixpkgs",
        "type": "github"
      }
    },
    "root": {
      "inputs": {
        "nixpkgs": "nixpkgs"
      }
    }
  },
  "root": "root",
  "version": 7
}
